
Microsoft Visual Studio Solution File, Format Version 12.00
# Visual Studio Version 17
VisualStudioVersion = 17.2.32526.322
MinimumVisualStudioVersion = 10.0.40219.1
Project("{9A19103F-16F7-4668-BE54-9A1E7A4F7556}") = "Domain", "Domain\Domain.csproj", "{47DF8597-F4F1-4279-A681-B160DD8A623C}"
EndProject
Project("{FAE04EC0-301F-11D3-BF4B-00C04F79EFBC}") = "Presentation", "Presentation\Presentation.csproj", "{8AC17643-9E08-4CCF-8B2D-CEDA2B2425D9}"
EndProject
Project("{FAE04EC0-301F-11D3-BF4B-00C04F79EFBC}") = "Data", "Data\Data.csproj", "{5FF9559D-2D93-40C1-B789-CAF32361BEE9}"
EndProject
Global
	GlobalSection(SolutionConfigurationPlatforms) = preSolution
		Debug|Any CPU = Debug|Any CPU
		Release|Any CPU = Release|Any CPU
	EndGlobalSection
	GlobalSection(ProjectConfigurationPlatforms) = postSolution
		{47DF8597-F4F1-4279-A681-B160DD8A623C}.Debug|Any CPU.ActiveCfg = Debug|Any CPU
		{47DF8597-F4F1-4279-A681-B160DD8A623C}.Debug|Any CPU.Build.0 = Debug|Any CPU
		{47DF8597-F4F1-4279-A681-B160DD8A623C}.Release|Any CPU.ActiveCfg = Release|Any CPU
		{47DF8597-F4F1-4279-A681-B160DD8A623C}.Release|Any CPU.Build.0 = Release|Any CPU
		{8AC17643-9E08-4CCF-8B2D-CEDA2B2425D9}.Debug|Any CPU.ActiveCfg = Debug|Any CPU
		{8AC17643-9E08-4CCF-8B2D-CEDA2B2425D9}.Debug|Any CPU.Build.0 = Debug|Any CPU
		{8AC17643-9E08-4CCF-8B2D-CEDA2B2425D9}.Release|Any CPU.ActiveCfg = Release|Any CPU
		{8AC17643-9E08-4CCF-8B2D-CEDA2B2425D9}.Release|Any CPU.Build.0 = Release|Any CPU
		{5FF9559D-2D93-40C1-B789-CAF32361BEE9}.Debug|Any CPU.ActiveCfg = Debug|Any CPU
		{5FF9559D-2D93-40C1-B789-CAF32361BEE9}.Debug|Any CPU.Build.0 = Debug|Any CPU
		{5FF9559D-2D93-40C1-B789-CAF32361BEE9}.Release|Any CPU.ActiveCfg = Release|Any CPU
		{5FF9559D-2D93-40C1-B789-CAF32361BEE9}.Release|Any CPU.Build.0 = Release|Any CPU
	EndGlobalSection
	GlobalSection(SolutionProperties) = preSolution
		HideSolutionNode = FALSE
	EndGlobalSection
	GlobalSection(ExtensibilityGlobals) = postSolution
		SolutionGuid = {13906D62-B0AB-4CAD-A5F5-8CA96F7F6872}
	EndGlobalSection
EndGlobal
